
Microsoft Visual Studio Solution File, Format Version 12.00
Project("{2150E333-8FDC-42A3-9474-1A3956D46DE8}") = "src", "src", "{74B36B43-D6A5-4975-A0CE-1368A410BAD8}"
ProjectSection(SolutionItems) = preProject
	src\.gitignore = src\.gitignore
EndProjectSection
EndProject
Project("{FAE04EC0-301F-11D3-BF4B-00C04F79EFBC}") = "Application", "src\Application\Application.csproj", "{5E8B89B2-37E0-42AE-BC3F-06602E01193A}"
EndProject
Project("{FAE04EC0-301F-11D3-BF4B-00C04F79EFBC}") = "Contract", "src\Contract\Contract.csproj", "{380E01B3-3A00-482A-889A-51A91EC90B6F}"
EndProject
Project("{FAE04EC0-301F-11D3-BF4B-00C04F79EFBC}") = "Domain", "src\Domain\Domain.csproj", "{3AA553CE-4A6B-4162-93EB-1701142C4311}"
EndProject
Project("{FAE04EC0-301F-11D3-BF4B-00C04F79EFBC}") = "Infrastructure", "src\Infrastructure\Infrastructure.csproj", "{19F2B352-5325-46FD-9E6F-ECFD69B1F3DC}"
EndProject
Project("{FAE04EC0-301F-11D3-BF4B-00C04F79EFBC}") = "WebApp", "src\WebApp\WebApp.csproj", "{A31DCAFB-79BC-4513-909D-5978F37A7D1D}"
EndProject
Global
	GlobalSection(SolutionConfigurationPlatforms) = preSolution
		Debug|Any CPU = Debug|Any CPU
		Release|Any CPU = Release|Any CPU
	EndGlobalSection
	GlobalSection(NestedProjects) = preSolution
		{5E8B89B2-37E0-42AE-BC3F-06602E01193A} = {74B36B43-D6A5-4975-A0CE-1368A410BAD8}
		{380E01B3-3A00-482A-889A-51A91EC90B6F} = {74B36B43-D6A5-4975-A0CE-1368A410BAD8}
		{3AA553CE-4A6B-4162-93EB-1701142C4311} = {74B36B43-D6A5-4975-A0CE-1368A410BAD8}
		{19F2B352-5325-46FD-9E6F-ECFD69B1F3DC} = {74B36B43-D6A5-4975-A0CE-1368A410BAD8}
		{A31DCAFB-79BC-4513-909D-5978F37A7D1D} = {74B36B43-D6A5-4975-A0CE-1368A410BAD8}
	EndGlobalSection
	GlobalSection(ProjectConfigurationPlatforms) = postSolution
		{5E8B89B2-37E0-42AE-BC3F-06602E01193A}.Debug|Any CPU.ActiveCfg = Debug|Any CPU
		{5E8B89B2-37E0-42AE-BC3F-06602E01193A}.Debug|Any CPU.Build.0 = Debug|Any CPU
		{5E8B89B2-37E0-42AE-BC3F-06602E01193A}.Release|Any CPU.ActiveCfg = Release|Any CPU
		{5E8B89B2-37E0-42AE-BC3F-06602E01193A}.Release|Any CPU.Build.0 = Release|Any CPU
		{380E01B3-3A00-482A-889A-51A91EC90B6F}.Debug|Any CPU.ActiveCfg = Debug|Any CPU
		{380E01B3-3A00-482A-889A-51A91EC90B6F}.Debug|Any CPU.Build.0 = Debug|Any CPU
		{380E01B3-3A00-482A-889A-51A91EC90B6F}.Release|Any CPU.ActiveCfg = Release|Any CPU
		{380E01B3-3A00-482A-889A-51A91EC90B6F}.Release|Any CPU.Build.0 = Release|Any CPU
		{3AA553CE-4A6B-4162-93EB-1701142C4311}.Debug|Any CPU.ActiveCfg = Debug|Any CPU
		{3AA553CE-4A6B-4162-93EB-1701142C4311}.Debug|Any CPU.Build.0 = Debug|Any CPU
		{3AA553CE-4A6B-4162-93EB-1701142C4311}.Release|Any CPU.ActiveCfg = Release|Any CPU
		{3AA553CE-4A6B-4162-93EB-1701142C4311}.Release|Any CPU.Build.0 = Release|Any CPU
		{19F2B352-5325-46FD-9E6F-ECFD69B1F3DC}.Debug|Any CPU.ActiveCfg = Debug|Any CPU
		{19F2B352-5325-46FD-9E6F-ECFD69B1F3DC}.Debug|Any CPU.Build.0 = Debug|Any CPU
		{19F2B352-5325-46FD-9E6F-ECFD69B1F3DC}.Release|Any CPU.ActiveCfg = Release|Any CPU
		{19F2B352-5325-46FD-9E6F-ECFD69B1F3DC}.Release|Any CPU.Build.0 = Release|Any CPU
		{A31DCAFB-79BC-4513-909D-5978F37A7D1D}.Debug|Any CPU.ActiveCfg = Debug|Any CPU
		{A31DCAFB-79BC-4513-909D-5978F37A7D1D}.Debug|Any CPU.Build.0 = Debug|Any CPU
		{A31DCAFB-79BC-4513-909D-5978F37A7D1D}.Release|Any CPU.ActiveCfg = Release|Any CPU
		{A31DCAFB-79BC-4513-909D-5978F37A7D1D}.Release|Any CPU.Build.0 = Release|Any CPU
	EndGlobalSection
EndGlobal
